
Microsoft Visual Studio Solution File, Format Version 12.00
# Visual Studio Version 17
VisualStudioVersion = 17.0.31903.59
MinimumVisualStudioVersion = 10.0.40219.1
Project("{FAE04EC0-301F-11D3-BF4B-00C04F79EFBC}") = "TornadoTest1.Tests", "TornadoTest1.Tests\TornadoTest1.Tests.csproj", "{F510594B-373E-4A75-B687-A43A43468ADF}"
EndProject
Project("{FAE04EC0-301F-11D3-BF4B-00C04F79EFBC}") = "TornadoTest1", "TornadoTest1\TornadoTest1.csproj", "{F83E2C44-178C-4D23-9A65-9D4AC2359A75}"
EndProject
Global
	GlobalSection(SolutionConfigurationPlatforms) = preSolution
		Debug|Any CPU = Debug|Any CPU
		Debug|x64 = Debug|x64
		Debug|x86 = Debug|x86
		Release|Any CPU = Release|Any CPU
		Release|x64 = Release|x64
		Release|x86 = Release|x86
	EndGlobalSection
	GlobalSection(ProjectConfigurationPlatforms) = postSolution
		{F510594B-373E-4A75-B687-A43A43468ADF}.Debug|Any CPU.ActiveCfg = Debug|Any CPU
		{F510594B-373E-4A75-B687-A43A43468ADF}.Debug|Any CPU.Build.0 = Debug|Any CPU
		{F510594B-373E-4A75-B687-A43A43468ADF}.Debug|x64.ActiveCfg = Debug|Any CPU
		{F510594B-373E-4A75-B687-A43A43468ADF}.Debug|x64.Build.0 = Debug|Any CPU
		{F510594B-373E-4A75-B687-A43A43468ADF}.Debug|x86.ActiveCfg = Debug|Any CPU
		{F510594B-373E-4A75-B687-A43A43468ADF}.Debug|x86.Build.0 = Debug|Any CPU
		{F510594B-373E-4A75-B687-A43A43468ADF}.Release|Any CPU.ActiveCfg = Release|Any CPU
		{F510594B-373E-4A75-B687-A43A43468ADF}.Release|Any CPU.Build.0 = Release|Any CPU
		{F510594B-373E-4A75-B687-A43A43468ADF}.Release|x64.ActiveCfg = Release|Any CPU
		{F510594B-373E-4A75-B687-A43A43468ADF}.Release|x64.Build.0 = Release|Any CPU
		{F510594B-373E-4A75-B687-A43A43468ADF}.Release|x86.ActiveCfg = Release|Any CPU
		{F510594B-373E-4A75-B687-A43A43468ADF}.Release|x86.Build.0 = Release|Any CPU
		{F83E2C44-178C-4D23-9A65-9D4AC2359A75}.Debug|Any CPU.ActiveCfg = Debug|Any CPU
		{F83E2C44-178C-4D23-9A65-9D4AC2359A75}.Debug|Any CPU.Build.0 = Debug|Any CPU
		{F83E2C44-178C-4D23-9A65-9D4AC2359A75}.Debug|x64.ActiveCfg = Debug|Any CPU
		{F83E2C44-178C-4D23-9A65-9D4AC2359A75}.Debug|x64.Build.0 = Debug|Any CPU
		{F83E2C44-178C-4D23-9A65-9D4AC2359A75}.Debug|x86.ActiveCfg = Debug|Any CPU
		{F83E2C44-178C-4D23-9A65-9D4AC2359A75}.Debug|x86.Build.0 = Debug|Any CPU
		{F83E2C44-178C-4D23-9A65-9D4AC2359A75}.Release|Any CPU.ActiveCfg = Release|Any CPU
		{F83E2C44-178C-4D23-9A65-9D4AC2359A75}.Release|Any CPU.Build.0 = Release|Any CPU
		{F83E2C44-178C-4D23-9A65-9D4AC2359A75}.Release|x64.ActiveCfg = Release|Any CPU
		{F83E2C44-178C-4D23-9A65-9D4AC2359A75}.Release|x64.Build.0 = Release|Any CPU
		{F83E2C44-178C-4D23-9A65-9D4AC2359A75}.Release|x86.ActiveCfg = Release|Any CPU
		{F83E2C44-178C-4D23-9A65-9D4AC2359A75}.Release|x86.Build.0 = Release|Any CPU
	EndGlobalSection
	GlobalSection(SolutionProperties) = preSolution
		HideSolutionNode = FALSE
	EndGlobalSection
EndGlobal
